
Microsoft Visual Studio Solution File, Format Version 12.00
# Visual Studio 15
VisualStudioVersion = 15.0.26228.9
MinimumVisualStudioVersion = 10.0.40219.1
Project("{FAE04EC0-301F-11D3-BF4B-00C04F79EFBC}") = "Abc", "Abc\Abc.csproj", "{D848023F-07EB-42C0-8CC3-00432E1EEB26}"
EndProject
Project("{FAE04EC0-301F-11D3-BF4B-00C04F79EFBC}") = "ClassLibrary1", "ClassLibrary1\ClassLibrary1.csproj", "{8A296351-641B-460F-AB8B-D8E00700FB36}"
EndProject
Global
	GlobalSection(SolutionConfigurationPlatforms) = preSolution
		Debug|Any CPU = Debug|Any CPU
		Release|Any CPU = Release|Any CPU
	EndGlobalSection
	GlobalSection(ProjectConfigurationPlatforms) = postSolution
		{D848023F-07EB-42C0-8CC3-00432E1EEB26}.Debug|Any CPU.ActiveCfg = Debug|Any CPU
		{D848023F-07EB-42C0-8CC3-00432E1EEB26}.Debug|Any CPU.Build.0 = Debug|Any CPU
		{D848023F-07EB-42C0-8CC3-00432E1EEB26}.Release|Any CPU.ActiveCfg = Release|Any CPU
		{D848023F-07EB-42C0-8CC3-00432E1EEB26}.Release|Any CPU.Build.0 = Release|Any CPU
		{8A296351-641B-460F-AB8B-D8E00700FB36}.Debug|Any CPU.ActiveCfg = Debug|Any CPU
		{8A296351-641B-460F-AB8B-D8E00700FB36}.Debug|Any CPU.Build.0 = Debug|Any CPU
		{8A296351-641B-460F-AB8B-D8E00700FB36}.Release|Any CPU.ActiveCfg = Release|Any CPU
		{8A296351-641B-460F-AB8B-D8E00700FB36}.Release|Any CPU.Build.0 = Release|Any CPU
	EndGlobalSection
	GlobalSection(SolutionProperties) = preSolution
		HideSolutionNode = FALSE
	EndGlobalSection
EndGlobal
